
Microsoft Visual Studio Solution File, Format Version 12.00
# Visual Studio Version 17
VisualStudioVersion = 17.3.32811.315
MinimumVisualStudioVersion = 10.0.40219.1
Project("{FAE04EC0-301F-11D3-BF4B-00C04F79EFBC}") = "ShopOfTanks", "ShopOfTanks\ShopOfTanks.csproj", "{CD120F3B-BEF9-49B7-A0F8-D9DF2DA979A1}"
EndProject
Global
	GlobalSection(SolutionConfigurationPlatforms) = preSolution
		Debug|Any CPU = Debug|Any CPU
		Release|Any CPU = Release|Any CPU
	EndGlobalSection
	GlobalSection(ProjectConfigurationPlatforms) = postSolution
		{CD120F3B-BEF9-49B7-A0F8-D9DF2DA979A1}.Debug|Any CPU.ActiveCfg = Debug|Any CPU
		{CD120F3B-BEF9-49B7-A0F8-D9DF2DA979A1}.Debug|Any CPU.Build.0 = Debug|Any CPU
		{CD120F3B-BEF9-49B7-A0F8-D9DF2DA979A1}.Release|Any CPU.ActiveCfg = Release|Any CPU
		{CD120F3B-BEF9-49B7-A0F8-D9DF2DA979A1}.Release|Any CPU.Build.0 = Release|Any CPU
	EndGlobalSection
	GlobalSection(SolutionProperties) = preSolution
		HideSolutionNode = FALSE
	EndGlobalSection
	GlobalSection(ExtensibilityGlobals) = postSolution
		SolutionGuid = {3B239768-79F4-4684-BE88-8E500023718E}
	EndGlobalSection
EndGlobal
